
Microsoft Visual Studio Solution File, Format Version 12.00
# Visual Studio 15
VisualStudioVersion = 15.0.28010.2041
MinimumVisualStudioVersion = 10.0.40219.1
Project("{FAE04EC0-301F-11D3-BF4B-00C04F79EFBC}") = "Tor便携启动辅助器", "Tor便携启动辅助器\Tor便携启动辅助器.csproj", "{9265EF88-30BE-424F-A8F2-9F3666E05C1B}"
EndProject
Global
	GlobalSection(SolutionConfigurationPlatforms) = preSolution
		Debug|Any CPU = Debug|Any CPU
		Release|Any CPU = Release|Any CPU
	EndGlobalSection
	GlobalSection(ProjectConfigurationPlatforms) = postSolution
		{9265EF88-30BE-424F-A8F2-9F3666E05C1B}.Debug|Any CPU.ActiveCfg = Debug|Any CPU
		{9265EF88-30BE-424F-A8F2-9F3666E05C1B}.Debug|Any CPU.Build.0 = Debug|Any CPU
		{9265EF88-30BE-424F-A8F2-9F3666E05C1B}.Release|Any CPU.ActiveCfg = Release|Any CPU
		{9265EF88-30BE-424F-A8F2-9F3666E05C1B}.Release|Any CPU.Build.0 = Release|Any CPU
	EndGlobalSection
	GlobalSection(SolutionProperties) = preSolution
		HideSolutionNode = FALSE
	EndGlobalSection
	GlobalSection(ExtensibilityGlobals) = postSolution
		SolutionGuid = {06A06DE2-71CF-4EB7-8FE3-495E1A48F9C5}
	EndGlobalSection
EndGlobal
